
Microsoft Visual Studio Solution File, Format Version 12.00
# Visual Studio Version 16
VisualStudioVersion = 16.0.30621.155
MinimumVisualStudioVersion = 10.0.40219.1
Project("{8BC9CEB8-8B4A-11D0-8D11-00A0C91BC942}") = "Project1", "Project1\Project1.vcxproj", "{F0CF802A-0B08-43A7-99E9-B0A75FBC6F59}"
EndProject
Project("{8BC9CEB8-8B4A-11D0-8D11-00A0C91BC942}") = "Project2", "Project2\Project2.vcxproj", "{E23911A5-C9EF-48E1-B5B8-68FB3FA4D974}"
EndProject
Project("{8BC9CEB8-8B4A-11D0-8D11-00A0C91BC942}") = "Project3", "Project3\Project3.vcxproj", "{C31D4023-48E6-4A9D-AD97-8652DF32DAC4}"
EndProject
Project("{8BC9CEB8-8B4A-11D0-8D11-00A0C91BC942}") = "Project4", "Project4\Project4.vcxproj", "{C323B19C-2FE2-4F9B-9E32-E1FCAEC16945}"
EndProject
Project("{8BC9CEB8-8B4A-11D0-8D11-00A0C91BC942}") = "Project5", "Project5\Project5.vcxproj", "{2D28F6D5-73B5-413B-89B1-E51B1DB56B4A}"
EndProject
Project("{8BC9CEB8-8B4A-11D0-8D11-00A0C91BC942}") = "Project6", "Project6\Project6.vcxproj", "{05181D1E-6B51-4D76-A12A-083F80517AC7}"
EndProject
Project("{8BC9CEB8-8B4A-11D0-8D11-00A0C91BC942}") = "Project7", "Project7\Project7.vcxproj", "{69BFEF83-7AA6-4A5F-9BAE-BC2500DF2042}"
EndProject
Project("{8BC9CEB8-8B4A-11D0-8D11-00A0C91BC942}") = "Project9", "Project9\Project9.vcxproj", "{17056022-FEEC-431E-9938-688583AF46A4}"
EndProject
Project("{8BC9CEB8-8B4A-11D0-8D11-00A0C91BC942}") = "Project10", "Project10\Project10.vcxproj", "{2955EE6E-426E-44BA-9571-9B6EAEC82ED3}"
EndProject
Project("{8BC9CEB8-8B4A-11D0-8D11-00A0C91BC942}") = "Project11", "Project11\Project11.vcxproj", "{1C36907E-E2ED-47F0-A4A4-875E2529EE72}"
EndProject
Project("{8BC9CEB8-8B4A-11D0-8D11-00A0C91BC942}") = "Project12", "Project12\Project12.vcxproj", "{52AFAC41-7BD4-43A7-BBEC-7EDFB4FF6897}"
EndProject
Project("{8BC9CEB8-8B4A-11D0-8D11-00A0C91BC942}") = "Project13", "Project13\Project13.vcxproj", "{71912BAD-C63E-4E2F-A814-8EDC0EB0958F}"
EndProject
Project("{8BC9CEB8-8B4A-11D0-8D11-00A0C91BC942}") = "Project14", "Project14\Project14.vcxproj", "{19B9F719-4207-4B1D-9A3A-A67C23709FC3}"
EndProject
Project("{8BC9CEB8-8B4A-11D0-8D11-00A0C91BC942}") = "Project15", "Project15\Project15.vcxproj", "{D3F708BC-40F0-42B8-9D8D-DED70F1C473F}"
EndProject
Global
	GlobalSection(SolutionConfigurationPlatforms) = preSolution
		Debug|x64 = Debug|x64
		Debug|x86 = Debug|x86
		Release|x64 = Release|x64
		Release|x86 = Release|x86
	EndGlobalSection
	GlobalSection(ProjectConfigurationPlatforms) = postSolution
		{F0CF802A-0B08-43A7-99E9-B0A75FBC6F59}.Debug|x64.ActiveCfg = Debug|x64
		{F0CF802A-0B08-43A7-99E9-B0A75FBC6F59}.Debug|x64.Build.0 = Debug|x64
		{F0CF802A-0B08-43A7-99E9-B0A75FBC6F59}.Debug|x86.ActiveCfg = Debug|Win32
		{F0CF802A-0B08-43A7-99E9-B0A75FBC6F59}.Debug|x86.Build.0 = Debug|Win32
		{F0CF802A-0B08-43A7-99E9-B0A75FBC6F59}.Release|x64.ActiveCfg = Release|x64
		{F0CF802A-0B08-43A7-99E9-B0A75FBC6F59}.Release|x64.Build.0 = Release|x64
		{F0CF802A-0B08-43A7-99E9-B0A75FBC6F59}.Release|x86.ActiveCfg = Release|Win32
		{F0CF802A-0B08-43A7-99E9-B0A75FBC6F59}.Release|x86.Build.0 = Release|Win32
		{E23911A5-C9EF-48E1-B5B8-68FB3FA4D974}.Debug|x64.ActiveCfg = Debug|x64
		{E23911A5-C9EF-48E1-B5B8-68FB3FA4D974}.Debug|x64.Build.0 = Debug|x64
		{E23911A5-C9EF-48E1-B5B8-68FB3FA4D974}.Debug|x86.ActiveCfg = Debug|Win32
		{E23911A5-C9EF-48E1-B5B8-68FB3FA4D974}.Debug|x86.Build.0 = Debug|Win32
		{E23911A5-C9EF-48E1-B5B8-68FB3FA4D974}.Release|x64.ActiveCfg = Release|x64
		{E23911A5-C9EF-48E1-B5B8-68FB3FA4D974}.Release|x64.Build.0 = Release|x64
		{E23911A5-C9EF-48E1-B5B8-68FB3FA4D974}.Release|x86.ActiveCfg = Release|Win32
		{E23911A5-C9EF-48E1-B5B8-68FB3FA4D974}.Release|x86.Build.0 = Release|Win32
		{C31D4023-48E6-4A9D-AD97-8652DF32DAC4}.Debug|x64.ActiveCfg = Debug|x64
		{C31D4023-48E6-4A9D-AD97-8652DF32DAC4}.Debug|x64.Build.0 = Debug|x64
		{C31D4023-48E6-4A9D-AD97-8652DF32DAC4}.Debug|x86.ActiveCfg = Debug|Win32
		{C31D4023-48E6-4A9D-AD97-8652DF32DAC4}.Debug|x86.Build.0 = Debug|Win32
		{C31D4023-48E6-4A9D-AD97-8652DF32DAC4}.Release|x64.ActiveCfg = Release|x64
		{C31D4023-48E6-4A9D-AD97-8652DF32DAC4}.Release|x64.Build.0 = Release|x64
		{C31D4023-48E6-4A9D-AD97-8652DF32DAC4}.Release|x86.ActiveCfg = Release|Win32
		{C31D4023-48E6-4A9D-AD97-8652DF32DAC4}.Release|x86.Build.0 = Release|Win32
		{C323B19C-2FE2-4F9B-9E32-E1FCAEC16945}.Debug|x64.ActiveCfg = Debug|x64
		{C323B19C-2FE2-4F9B-9E32-E1FCAEC16945}.Debug|x64.Build.0 = Debug|x64
		{C323B19C-2FE2-4F9B-9E32-E1FCAEC16945}.Debug|x86.ActiveCfg = Debug|Win32
		{C323B19C-2FE2-4F9B-9E32-E1FCAEC16945}.Debug|x86.Build.0 = Debug|Win32
		{C323B19C-2FE2-4F9B-9E32-E1FCAEC16945}.Release|x64.ActiveCfg = Release|x64
		{C323B19C-2FE2-4F9B-9E32-E1FCAEC16945}.Release|x64.Build.0 = Release|x64
		{C323B19C-2FE2-4F9B-9E32-E1FCAEC16945}.Release|x86.ActiveCfg = Release|Win32
		{C323B19C-2FE2-4F9B-9E32-E1FCAEC16945}.Release|x86.Build.0 = Release|Win32
		{2D28F6D5-73B5-413B-89B1-E51B1DB56B4A}.Debug|x64.ActiveCfg = Debug|x64
		{2D28F6D5-73B5-413B-89B1-E51B1DB56B4A}.Debug|x64.Build.0 = Debug|x64
		{2D28F6D5-73B5-413B-89B1-E51B1DB56B4A}.Debug|x86.ActiveCfg = Debug|Win32
		{2D28F6D5-73B5-413B-89B1-E51B1DB56B4A}.Debug|x86.Build.0 = Debug|Win32
		{2D28F6D5-73B5-413B-89B1-E51B1DB56B4A}.Release|x64.ActiveCfg = Release|x64
		{2D28F6D5-73B5-413B-89B1-E51B1DB56B4A}.Release|x64.Build.0 = Release|x64
		{2D28F6D5-73B5-413B-89B1-E51B1DB56B4A}.Release|x86.ActiveCfg = Release|Win32
		{2D28F6D5-73B5-413B-89B1-E51B1DB56B4A}.Release|x86.Build.0 = Release|Win32
		{05181D1E-6B51-4D76-A12A-083F80517AC7}.Debug|x64.ActiveCfg = Debug|x64
		{05181D1E-6B51-4D76-A12A-083F80517AC7}.Debug|x64.Build.0 = Debug|x64
		{05181D1E-6B51-4D76-A12A-083F80517AC7}.Debug|x86.ActiveCfg = Debug|Win32
		{05181D1E-6B51-4D76-A12A-083F80517AC7}.Debug|x86.Build.0 = Debug|Win32
		{05181D1E-6B51-4D76-A12A-083F80517AC7}.Release|x64.ActiveCfg = Release|x64
		{05181D1E-6B51-4D76-A12A-083F80517AC7}.Release|x64.Build.0 = Release|x64
		{05181D1E-6B51-4D76-A12A-083F80517AC7}.Release|x86.ActiveCfg = Release|Win32
		{05181D1E-6B51-4D76-A12A-083F80517AC7}.Release|x86.Build.0 = Release|Win32
		{69BFEF83-7AA6-4A5F-9BAE-BC2500DF2042}.Debug|x64.ActiveCfg = Debug|x64
		{69BFEF83-7AA6-4A5F-9BAE-BC2500DF2042}.Debug|x64.Build.0 = Debug|x64
		{69BFEF83-7AA6-4A5F-9BAE-BC2500DF2042}.Debug|x86.ActiveCfg = Debug|Win32
		{69BFEF83-7AA6-4A5F-9BAE-BC2500DF2042}.Debug|x86.Build.0 = Debug|Win32
		{69BFEF83-7AA6-4A5F-9BAE-BC2500DF2042}.Release|x64.ActiveCfg = Release|x64
		{69BFEF83-7AA6-4A5F-9BAE-BC2500DF2042}.Release|x64.Build.0 = Release|x64
		{69BFEF83-7AA6-4A5F-9BAE-BC2500DF2042}.Release|x86.ActiveCfg = Release|Win32
		{69BFEF83-7AA6-4A5F-9BAE-BC2500DF2042}.Release|x86.Build.0 = Release|Win32
		{17056022-FEEC-431E-9938-688583AF46A4}.Debug|x64.ActiveCfg = Debug|x64
		{17056022-FEEC-431E-9938-688583AF46A4}.Debug|x64.Build.0 = Debug|x64
		{17056022-FEEC-431E-9938-688583AF46A4}.Debug|x86.ActiveCfg = Debug|Win32
		{17056022-FEEC-431E-9938-688583AF46A4}.Debug|x86.Build.0 = Debug|Win32
		{17056022-FEEC-431E-9938-688583AF46A4}.Release|x64.ActiveCfg = Release|x64
		{17056022-FEEC-431E-9938-688583AF46A4}.Release|x64.Build.0 = Release|x64
		{17056022-FEEC-431E-9938-688583AF46A4}.Release|x86.ActiveCfg = Release|Win32
		{17056022-FEEC-431E-9938-688583AF46A4}.Release|x86.Build.0 = Release|Win32
		{2955EE6E-426E-44BA-9571-9B6EAEC82ED3}.Debug|x64.ActiveCfg = Debug|x64
		{2955EE6E-426E-44BA-9571-9B6EAEC82ED3}.Debug|x64.Build.0 = Debug|x64
		{2955EE6E-426E-44BA-9571-9B6EAEC82ED3}.Debug|x86.ActiveCfg = Debug|Win32
		{2955EE6E-426E-44BA-9571-9B6EAEC82ED3}.Debug|x86.Build.0 = Debug|Win32
		{2955EE6E-426E-44BA-9571-9B6EAEC82ED3}.Release|x64.ActiveCfg = Release|x64
		{2955EE6E-426E-44BA-9571-9B6EAEC82ED3}.Release|x64.Build.0 = Release|x64
		{2955EE6E-426E-44BA-9571-9B6EAEC82ED3}.Release|x86.ActiveCfg = Release|Win32
		{2955EE6E-426E-44BA-9571-9B6EAEC82ED3}.Release|x86.Build.0 = Release|Win32
		{1C36907E-E2ED-47F0-A4A4-875E2529EE72}.Debug|x64.ActiveCfg = Debug|x64
		{1C36907E-E2ED-47F0-A4A4-875E2529EE72}.Debug|x64.Build.0 = Debug|x64
		{1C36907E-E2ED-47F0-A4A4-875E2529EE72}.Debug|x86.ActiveCfg = Debug|Win32
		{1C36907E-E2ED-47F0-A4A4-875E2529EE72}.Debug|x86.Build.0 = Debug|Win32
		{1C36907E-E2ED-47F0-A4A4-875E2529EE72}.Release|x64.ActiveCfg = Release|x64
		{1C36907E-E2ED-47F0-A4A4-875E2529EE72}.Release|x64.Build.0 = Release|x64
		{1C36907E-E2ED-47F0-A4A4-875E2529EE72}.Release|x86.ActiveCfg = Release|Win32
		{1C36907E-E2ED-47F0-A4A4-875E2529EE72}.Release|x86.Build.0 = Release|Win32
		{52AFAC41-7BD4-43A7-BBEC-7EDFB4FF6897}.Debug|x64.ActiveCfg = Debug|x64
		{52AFAC41-7BD4-43A7-BBEC-7EDFB4FF6897}.Debug|x64.Build.0 = Debug|x64
		{52AFAC41-7BD4-43A7-BBEC-7EDFB4FF6897}.Debug|x86.ActiveCfg = Debug|Win32
		{52AFAC41-7BD4-43A7-BBEC-7EDFB4FF6897}.Debug|x86.Build.0 = Debug|Win32
		{52AFAC41-7BD4-43A7-BBEC-7EDFB4FF6897}.Release|x64.ActiveCfg = Release|x64
		{52AFAC41-7BD4-43A7-BBEC-7EDFB4FF6897}.Release|x64.Build.0 = Release|x64
		{52AFAC41-7BD4-43A7-BBEC-7EDFB4FF6897}.Release|x86.ActiveCfg = Release|Win32
		{52AFAC41-7BD4-43A7-BBEC-7EDFB4FF6897}.Release|x86.Build.0 = Release|Win32
		{71912BAD-C63E-4E2F-A814-8EDC0EB0958F}.Debug|x64.ActiveCfg = Debug|x64
		{71912BAD-C63E-4E2F-A814-8EDC0EB0958F}.Debug|x64.Build.0 = Debug|x64
		{71912BAD-C63E-4E2F-A814-8EDC0EB0958F}.Debug|x86.ActiveCfg = Debug|Win32
		{71912BAD-C63E-4E2F-A814-8EDC0EB0958F}.Debug|x86.Build.0 = Debug|Win32
		{71912BAD-C63E-4E2F-A814-8EDC0EB0958F}.Release|x64.ActiveCfg = Release|x64
		{71912BAD-C63E-4E2F-A814-8EDC0EB0958F}.Release|x64.Build.0 = Release|x64
		{71912BAD-C63E-4E2F-A814-8EDC0EB0958F}.Release|x86.ActiveCfg = Release|Win32
		{71912BAD-C63E-4E2F-A814-8EDC0EB0958F}.Release|x86.Build.0 = Release|Win32
		{19B9F719-4207-4B1D-9A3A-A67C23709FC3}.Debug|x64.ActiveCfg = Debug|x64
		{19B9F719-4207-4B1D-9A3A-A67C23709FC3}.Debug|x64.Build.0 = Debug|x64
		{19B9F719-4207-4B1D-9A3A-A67C23709FC3}.Debug|x86.ActiveCfg = Debug|Win32
		{19B9F719-4207-4B1D-9A3A-A67C23709FC3}.Debug|x86.Build.0 = Debug|Win32
		{19B9F719-4207-4B1D-9A3A-A67C23709FC3}.Release|x64.ActiveCfg = Release|x64
		{19B9F719-4207-4B1D-9A3A-A67C23709FC3}.Release|x64.Build.0 = Release|x64
		{19B9F719-4207-4B1D-9A3A-A67C23709FC3}.Release|x86.ActiveCfg = Release|Win32
		{19B9F719-4207-4B1D-9A3A-A67C23709FC3}.Release|x86.Build.0 = Release|Win32
		{D3F708BC-40F0-42B8-9D8D-DED70F1C473F}.Debug|x64.ActiveCfg = Debug|x64
		{D3F708BC-40F0-42B8-9D8D-DED70F1C473F}.Debug|x64.Build.0 = Debug|x64
		{D3F708BC-40F0-42B8-9D8D-DED70F1C473F}.Debug|x86.ActiveCfg = Debug|Win32
		{D3F708BC-40F0-42B8-9D8D-DED70F1C473F}.Debug|x86.Build.0 = Debug|Win32
		{D3F708BC-40F0-42B8-9D8D-DED70F1C473F}.Release|x64.ActiveCfg = Release|x64
		{D3F708BC-40F0-42B8-9D8D-DED70F1C473F}.Release|x64.Build.0 = Release|x64
		{D3F708BC-40F0-42B8-9D8D-DED70F1C473F}.Release|x86.ActiveCfg = Release|Win32
		{D3F708BC-40F0-42B8-9D8D-DED70F1C473F}.Release|x86.Build.0 = Release|Win32
	EndGlobalSection
	GlobalSection(SolutionProperties) = preSolution
		HideSolutionNode = FALSE
	EndGlobalSection
	GlobalSection(ExtensibilityGlobals) = postSolution
		SolutionGuid = {C4261B8E-7326-4A5E-BE86-174BA1446163}
	EndGlobalSection
EndGlobal
