
Microsoft Visual Studio Solution File, Format Version 12.00
# Visual Studio Version 16
VisualStudioVersion = 16.0.30503.244
MinimumVisualStudioVersion = 10.0.40219.1
Project("{8BC9CEB8-8B4A-11D0-8D11-00A0C91BC942}") = "project 2-1", "project 2-1\project 2-1.vcxproj", "{CFBD100E-E110-468D-B75C-9AD0AE743BE1}"
EndProject
Project("{8BC9CEB8-8B4A-11D0-8D11-00A0C91BC942}") = "project 2-2", "project 2-2\project 2-2.vcxproj", "{42FA7584-DD20-4139-A787-BFC50DBDC1E0}"
EndProject
Project("{8BC9CEB8-8B4A-11D0-8D11-00A0C91BC942}") = "project 2-3", "project 2-3\project 2-3.vcxproj", "{02CB130F-E03D-4A20-AFFE-57722BD658A5}"
EndProject
Project("{8BC9CEB8-8B4A-11D0-8D11-00A0C91BC942}") = "project 2-4", "project 2-4\project 2-4.vcxproj", "{2FE3C975-BBF8-4470-9B5D-3C1EA2DDBEB1}"
EndProject
Project("{8BC9CEB8-8B4A-11D0-8D11-00A0C91BC942}") = "project 2-5", "project 2-5\project 2-5.vcxproj", "{CDE2EA0C-A126-4268-BEB4-14537CAB3C03}"
EndProject
Project("{8BC9CEB8-8B4A-11D0-8D11-00A0C91BC942}") = "project 2-6", "project 2-6\project 2-6.vcxproj", "{8E238693-95C9-49C3-AFC9-53E582199B4D}"
EndProject
Project("{8BC9CEB8-8B4A-11D0-8D11-00A0C91BC942}") = "project 2-7", "project 2-7\project 2-7.vcxproj", "{88D1CED6-9707-412B-9A56-89BA56B4DCDF}"
EndProject
Project("{8BC9CEB8-8B4A-11D0-8D11-00A0C91BC942}") = "project 2-8", "project 2-8\project 2-8.vcxproj", "{E33FDB48-4459-4A4A-A269-97C5F7BB9C89}"
EndProject
Project("{8BC9CEB8-8B4A-11D0-8D11-00A0C91BC942}") = "project 2-9", "project 2-9\project 2-9.vcxproj", "{D187ACB6-EF73-4961-A3A8-743AA611A2A8}"
EndProject
Project("{8BC9CEB8-8B4A-11D0-8D11-00A0C91BC942}") = "project 2-10", "project 2-10\project 2-10.vcxproj", "{3BE11E32-5737-48E5-95D9-EB7C42EC8327}"
EndProject
Global
	GlobalSection(SolutionConfigurationPlatforms) = preSolution
		Debug|x64 = Debug|x64
		Debug|x86 = Debug|x86
		Release|x64 = Release|x64
		Release|x86 = Release|x86
	EndGlobalSection
	GlobalSection(ProjectConfigurationPlatforms) = postSolution
		{CFBD100E-E110-468D-B75C-9AD0AE743BE1}.Debug|x64.ActiveCfg = Debug|x64
		{CFBD100E-E110-468D-B75C-9AD0AE743BE1}.Debug|x64.Build.0 = Debug|x64
		{CFBD100E-E110-468D-B75C-9AD0AE743BE1}.Debug|x86.ActiveCfg = Debug|Win32
		{CFBD100E-E110-468D-B75C-9AD0AE743BE1}.Debug|x86.Build.0 = Debug|Win32
		{CFBD100E-E110-468D-B75C-9AD0AE743BE1}.Release|x64.ActiveCfg = Release|x64
		{CFBD100E-E110-468D-B75C-9AD0AE743BE1}.Release|x64.Build.0 = Release|x64
		{CFBD100E-E110-468D-B75C-9AD0AE743BE1}.Release|x86.ActiveCfg = Release|Win32
		{CFBD100E-E110-468D-B75C-9AD0AE743BE1}.Release|x86.Build.0 = Release|Win32
		{42FA7584-DD20-4139-A787-BFC50DBDC1E0}.Debug|x64.ActiveCfg = Debug|x64
		{42FA7584-DD20-4139-A787-BFC50DBDC1E0}.Debug|x64.Build.0 = Debug|x64
		{42FA7584-DD20-4139-A787-BFC50DBDC1E0}.Debug|x86.ActiveCfg = Debug|Win32
		{42FA7584-DD20-4139-A787-BFC50DBDC1E0}.Debug|x86.Build.0 = Debug|Win32
		{42FA7584-DD20-4139-A787-BFC50DBDC1E0}.Release|x64.ActiveCfg = Release|x64
		{42FA7584-DD20-4139-A787-BFC50DBDC1E0}.Release|x64.Build.0 = Release|x64
		{42FA7584-DD20-4139-A787-BFC50DBDC1E0}.Release|x86.ActiveCfg = Release|Win32
		{42FA7584-DD20-4139-A787-BFC50DBDC1E0}.Release|x86.Build.0 = Release|Win32
		{02CB130F-E03D-4A20-AFFE-57722BD658A5}.Debug|x64.ActiveCfg = Debug|x64
		{02CB130F-E03D-4A20-AFFE-57722BD658A5}.Debug|x64.Build.0 = Debug|x64
		{02CB130F-E03D-4A20-AFFE-57722BD658A5}.Debug|x86.ActiveCfg = Debug|Win32
		{02CB130F-E03D-4A20-AFFE-57722BD658A5}.Debug|x86.Build.0 = Debug|Win32
		{02CB130F-E03D-4A20-AFFE-57722BD658A5}.Release|x64.ActiveCfg = Release|x64
		{02CB130F-E03D-4A20-AFFE-57722BD658A5}.Release|x64.Build.0 = Release|x64
		{02CB130F-E03D-4A20-AFFE-57722BD658A5}.Release|x86.ActiveCfg = Release|Win32
		{02CB130F-E03D-4A20-AFFE-57722BD658A5}.Release|x86.Build.0 = Release|Win32
		{2FE3C975-BBF8-4470-9B5D-3C1EA2DDBEB1}.Debug|x64.ActiveCfg = Debug|x64
		{2FE3C975-BBF8-4470-9B5D-3C1EA2DDBEB1}.Debug|x64.Build.0 = Debug|x64
		{2FE3C975-BBF8-4470-9B5D-3C1EA2DDBEB1}.Debug|x86.ActiveCfg = Debug|Win32
		{2FE3C975-BBF8-4470-9B5D-3C1EA2DDBEB1}.Debug|x86.Build.0 = Debug|Win32
		{2FE3C975-BBF8-4470-9B5D-3C1EA2DDBEB1}.Release|x64.ActiveCfg = Release|x64
		{2FE3C975-BBF8-4470-9B5D-3C1EA2DDBEB1}.Release|x64.Build.0 = Release|x64
		{2FE3C975-BBF8-4470-9B5D-3C1EA2DDBEB1}.Release|x86.ActiveCfg = Release|Win32
		{2FE3C975-BBF8-4470-9B5D-3C1EA2DDBEB1}.Release|x86.Build.0 = Release|Win32
		{CDE2EA0C-A126-4268-BEB4-14537CAB3C03}.Debug|x64.ActiveCfg = Debug|x64
		{CDE2EA0C-A126-4268-BEB4-14537CAB3C03}.Debug|x64.Build.0 = Debug|x64
		{CDE2EA0C-A126-4268-BEB4-14537CAB3C03}.Debug|x86.ActiveCfg = Debug|Win32
		{CDE2EA0C-A126-4268-BEB4-14537CAB3C03}.Debug|x86.Build.0 = Debug|Win32
		{CDE2EA0C-A126-4268-BEB4-14537CAB3C03}.Release|x64.ActiveCfg = Release|x64
		{CDE2EA0C-A126-4268-BEB4-14537CAB3C03}.Release|x64.Build.0 = Release|x64
		{CDE2EA0C-A126-4268-BEB4-14537CAB3C03}.Release|x86.ActiveCfg = Release|Win32
		{CDE2EA0C-A126-4268-BEB4-14537CAB3C03}.Release|x86.Build.0 = Release|Win32
		{8E238693-95C9-49C3-AFC9-53E582199B4D}.Debug|x64.ActiveCfg = Debug|x64
		{8E238693-95C9-49C3-AFC9-53E582199B4D}.Debug|x64.Build.0 = Debug|x64
		{8E238693-95C9-49C3-AFC9-53E582199B4D}.Debug|x86.ActiveCfg = Debug|Win32
		{8E238693-95C9-49C3-AFC9-53E582199B4D}.Debug|x86.Build.0 = Debug|Win32
		{8E238693-95C9-49C3-AFC9-53E582199B4D}.Release|x64.ActiveCfg = Release|x64
		{8E238693-95C9-49C3-AFC9-53E582199B4D}.Release|x64.Build.0 = Release|x64
		{8E238693-95C9-49C3-AFC9-53E582199B4D}.Release|x86.ActiveCfg = Release|Win32
		{8E238693-95C9-49C3-AFC9-53E582199B4D}.Release|x86.Build.0 = Release|Win32
		{88D1CED6-9707-412B-9A56-89BA56B4DCDF}.Debug|x64.ActiveCfg = Debug|x64
		{88D1CED6-9707-412B-9A56-89BA56B4DCDF}.Debug|x64.Build.0 = Debug|x64
		{88D1CED6-9707-412B-9A56-89BA56B4DCDF}.Debug|x86.ActiveCfg = Debug|Win32
		{88D1CED6-9707-412B-9A56-89BA56B4DCDF}.Debug|x86.Build.0 = Debug|Win32
		{88D1CED6-9707-412B-9A56-89BA56B4DCDF}.Release|x64.ActiveCfg = Release|x64
		{88D1CED6-9707-412B-9A56-89BA56B4DCDF}.Release|x64.Build.0 = Release|x64
		{88D1CED6-9707-412B-9A56-89BA56B4DCDF}.Release|x86.ActiveCfg = Release|Win32
		{88D1CED6-9707-412B-9A56-89BA56B4DCDF}.Release|x86.Build.0 = Release|Win32
		{E33FDB48-4459-4A4A-A269-97C5F7BB9C89}.Debug|x64.ActiveCfg = Debug|x64
		{E33FDB48-4459-4A4A-A269-97C5F7BB9C89}.Debug|x64.Build.0 = Debug|x64
		{E33FDB48-4459-4A4A-A269-97C5F7BB9C89}.Debug|x86.ActiveCfg = Debug|Win32
		{E33FDB48-4459-4A4A-A269-97C5F7BB9C89}.Debug|x86.Build.0 = Debug|Win32
		{E33FDB48-4459-4A4A-A269-97C5F7BB9C89}.Release|x64.ActiveCfg = Release|x64
		{E33FDB48-4459-4A4A-A269-97C5F7BB9C89}.Release|x64.Build.0 = Release|x64
		{E33FDB48-4459-4A4A-A269-97C5F7BB9C89}.Release|x86.ActiveCfg = Release|Win32
		{E33FDB48-4459-4A4A-A269-97C5F7BB9C89}.Release|x86.Build.0 = Release|Win32
		{D187ACB6-EF73-4961-A3A8-743AA611A2A8}.Debug|x64.ActiveCfg = Debug|x64
		{D187ACB6-EF73-4961-A3A8-743AA611A2A8}.Debug|x64.Build.0 = Debug|x64
		{D187ACB6-EF73-4961-A3A8-743AA611A2A8}.Debug|x86.ActiveCfg = Debug|Win32
		{D187ACB6-EF73-4961-A3A8-743AA611A2A8}.Debug|x86.Build.0 = Debug|Win32
		{D187ACB6-EF73-4961-A3A8-743AA611A2A8}.Release|x64.ActiveCfg = Release|x64
		{D187ACB6-EF73-4961-A3A8-743AA611A2A8}.Release|x64.Build.0 = Release|x64
		{D187ACB6-EF73-4961-A3A8-743AA611A2A8}.Release|x86.ActiveCfg = Release|Win32
		{D187ACB6-EF73-4961-A3A8-743AA611A2A8}.Release|x86.Build.0 = Release|Win32
		{3BE11E32-5737-48E5-95D9-EB7C42EC8327}.Debug|x64.ActiveCfg = Debug|x64
		{3BE11E32-5737-48E5-95D9-EB7C42EC8327}.Debug|x64.Build.0 = Debug|x64
		{3BE11E32-5737-48E5-95D9-EB7C42EC8327}.Debug|x86.ActiveCfg = Debug|Win32
		{3BE11E32-5737-48E5-95D9-EB7C42EC8327}.Debug|x86.Build.0 = Debug|Win32
		{3BE11E32-5737-48E5-95D9-EB7C42EC8327}.Release|x64.ActiveCfg = Release|x64
		{3BE11E32-5737-48E5-95D9-EB7C42EC8327}.Release|x64.Build.0 = Release|x64
		{3BE11E32-5737-48E5-95D9-EB7C42EC8327}.Release|x86.ActiveCfg = Release|Win32
		{3BE11E32-5737-48E5-95D9-EB7C42EC8327}.Release|x86.Build.0 = Release|Win32
	EndGlobalSection
	GlobalSection(SolutionProperties) = preSolution
		HideSolutionNode = FALSE
	EndGlobalSection
	GlobalSection(ExtensibilityGlobals) = postSolution
		SolutionGuid = {7CBB8532-F029-454A-B61B-7BC8A3269928}
	EndGlobalSection
EndGlobal
