
Microsoft Visual Studio Solution File, Format Version 12.00
# Visual Studio Version 16
VisualStudioVersion = 16.0.30503.244
MinimumVisualStudioVersion = 10.0.40219.1
Project("{8BC9CEB8-8B4A-11D0-8D11-00A0C91BC942}") = "Project1", "Project1\Project1.vcxproj", "{97BC3665-A7AB-40FE-9B59-FA342933948E}"
EndProject
Project("{8BC9CEB8-8B4A-11D0-8D11-00A0C91BC942}") = "Project2", "Project2\Project2.vcxproj", "{FFC7365B-EB57-4527-9334-56828B89B29A}"
EndProject
Project("{8BC9CEB8-8B4A-11D0-8D11-00A0C91BC942}") = "Project3", "Project3\Project3.vcxproj", "{F1B5E51E-D1BB-4BA6-9361-C984E6E7FF10}"
EndProject
Project("{8BC9CEB8-8B4A-11D0-8D11-00A0C91BC942}") = "Project4", "Project4\Project4.vcxproj", "{515F1B5A-6828-4858-9783-8CE2AC5F5148}"
EndProject
Project("{8BC9CEB8-8B4A-11D0-8D11-00A0C91BC942}") = "Project5", "Project5\Project5.vcxproj", "{9BFD9834-2028-4D3D-B1CE-2070B50B2CB2}"
EndProject
Project("{8BC9CEB8-8B4A-11D0-8D11-00A0C91BC942}") = "Project6", "Project6\Project6.vcxproj", "{B69EB506-F663-48E0-B90D-334A5842340B}"
EndProject
Project("{8BC9CEB8-8B4A-11D0-8D11-00A0C91BC942}") = "Project7", "Project7\Project7.vcxproj", "{49AA504F-B262-4C66-853F-63FA0A4CDFF4}"
EndProject
Project("{8BC9CEB8-8B4A-11D0-8D11-00A0C91BC942}") = "Project8", "Project8\Project8.vcxproj", "{9104A8A1-9B45-4643-AAC8-2938051CDD77}"
EndProject
Project("{8BC9CEB8-8B4A-11D0-8D11-00A0C91BC942}") = "Project9", "Project9\Project9.vcxproj", "{0EFD895E-ACF1-49CF-8308-CA7B1D834309}"
EndProject
Project("{8BC9CEB8-8B4A-11D0-8D11-00A0C91BC942}") = "Project10", "Project10\Project10.vcxproj", "{2E2A4DF0-FEDA-4C81-ABBA-F8786DD6A2EE}"
EndProject
Project("{8BC9CEB8-8B4A-11D0-8D11-00A0C91BC942}") = "Project11", "Project11\Project11.vcxproj", "{06AE574F-2AD4-4773-846A-6692B13672A0}"
EndProject
Project("{8BC9CEB8-8B4A-11D0-8D11-00A0C91BC942}") = "Project12", "Project12\Project12.vcxproj", "{DA1CA20D-9BA8-4FBB-862B-5E429E11E490}"
EndProject
Project("{8BC9CEB8-8B4A-11D0-8D11-00A0C91BC942}") = "Project13", "Project13\Project13.vcxproj", "{C12AA235-3804-475A-9EA8-653A5395CD79}"
EndProject
Project("{8BC9CEB8-8B4A-11D0-8D11-00A0C91BC942}") = "Project14", "Project14\Project14.vcxproj", "{2C81056E-42C0-4651-B8C9-D9351A1BA44E}"
EndProject
Project("{8BC9CEB8-8B4A-11D0-8D11-00A0C91BC942}") = "Project15", "Project15\Project15.vcxproj", "{846C2665-9D49-4C1C-9BAA-1694A806E54B}"
EndProject
Project("{8BC9CEB8-8B4A-11D0-8D11-00A0C91BC942}") = "Project16", "Project16\Project16.vcxproj", "{0DF715C2-9E09-4BA0-BE29-F473595F5ADC}"
EndProject
Project("{8BC9CEB8-8B4A-11D0-8D11-00A0C91BC942}") = "Project17", "Project17\Project17.vcxproj", "{7F3311E8-4201-4EE2-8ADF-A8B8CFCAB80C}"
EndProject
Global
	GlobalSection(SolutionConfigurationPlatforms) = preSolution
		Debug|x64 = Debug|x64
		Debug|x86 = Debug|x86
		Release|x64 = Release|x64
		Release|x86 = Release|x86
	EndGlobalSection
	GlobalSection(ProjectConfigurationPlatforms) = postSolution
		{97BC3665-A7AB-40FE-9B59-FA342933948E}.Debug|x64.ActiveCfg = Debug|x64
		{97BC3665-A7AB-40FE-9B59-FA342933948E}.Debug|x64.Build.0 = Debug|x64
		{97BC3665-A7AB-40FE-9B59-FA342933948E}.Debug|x86.ActiveCfg = Debug|Win32
		{97BC3665-A7AB-40FE-9B59-FA342933948E}.Debug|x86.Build.0 = Debug|Win32
		{97BC3665-A7AB-40FE-9B59-FA342933948E}.Release|x64.ActiveCfg = Release|x64
		{97BC3665-A7AB-40FE-9B59-FA342933948E}.Release|x64.Build.0 = Release|x64
		{97BC3665-A7AB-40FE-9B59-FA342933948E}.Release|x86.ActiveCfg = Release|Win32
		{97BC3665-A7AB-40FE-9B59-FA342933948E}.Release|x86.Build.0 = Release|Win32
		{FFC7365B-EB57-4527-9334-56828B89B29A}.Debug|x64.ActiveCfg = Debug|x64
		{FFC7365B-EB57-4527-9334-56828B89B29A}.Debug|x64.Build.0 = Debug|x64
		{FFC7365B-EB57-4527-9334-56828B89B29A}.Debug|x86.ActiveCfg = Debug|Win32
		{FFC7365B-EB57-4527-9334-56828B89B29A}.Debug|x86.Build.0 = Debug|Win32
		{FFC7365B-EB57-4527-9334-56828B89B29A}.Release|x64.ActiveCfg = Release|x64
		{FFC7365B-EB57-4527-9334-56828B89B29A}.Release|x64.Build.0 = Release|x64
		{FFC7365B-EB57-4527-9334-56828B89B29A}.Release|x86.ActiveCfg = Release|Win32
		{FFC7365B-EB57-4527-9334-56828B89B29A}.Release|x86.Build.0 = Release|Win32
		{F1B5E51E-D1BB-4BA6-9361-C984E6E7FF10}.Debug|x64.ActiveCfg = Debug|x64
		{F1B5E51E-D1BB-4BA6-9361-C984E6E7FF10}.Debug|x64.Build.0 = Debug|x64
		{F1B5E51E-D1BB-4BA6-9361-C984E6E7FF10}.Debug|x86.ActiveCfg = Debug|Win32
		{F1B5E51E-D1BB-4BA6-9361-C984E6E7FF10}.Debug|x86.Build.0 = Debug|Win32
		{F1B5E51E-D1BB-4BA6-9361-C984E6E7FF10}.Release|x64.ActiveCfg = Release|x64
		{F1B5E51E-D1BB-4BA6-9361-C984E6E7FF10}.Release|x64.Build.0 = Release|x64
		{F1B5E51E-D1BB-4BA6-9361-C984E6E7FF10}.Release|x86.ActiveCfg = Release|Win32
		{F1B5E51E-D1BB-4BA6-9361-C984E6E7FF10}.Release|x86.Build.0 = Release|Win32
		{515F1B5A-6828-4858-9783-8CE2AC5F5148}.Debug|x64.ActiveCfg = Debug|x64
		{515F1B5A-6828-4858-9783-8CE2AC5F5148}.Debug|x64.Build.0 = Debug|x64
		{515F1B5A-6828-4858-9783-8CE2AC5F5148}.Debug|x86.ActiveCfg = Debug|Win32
		{515F1B5A-6828-4858-9783-8CE2AC5F5148}.Debug|x86.Build.0 = Debug|Win32
		{515F1B5A-6828-4858-9783-8CE2AC5F5148}.Release|x64.ActiveCfg = Release|x64
		{515F1B5A-6828-4858-9783-8CE2AC5F5148}.Release|x64.Build.0 = Release|x64
		{515F1B5A-6828-4858-9783-8CE2AC5F5148}.Release|x86.ActiveCfg = Release|Win32
		{515F1B5A-6828-4858-9783-8CE2AC5F5148}.Release|x86.Build.0 = Release|Win32
		{9BFD9834-2028-4D3D-B1CE-2070B50B2CB2}.Debug|x64.ActiveCfg = Debug|x64
		{9BFD9834-2028-4D3D-B1CE-2070B50B2CB2}.Debug|x64.Build.0 = Debug|x64
		{9BFD9834-2028-4D3D-B1CE-2070B50B2CB2}.Debug|x86.ActiveCfg = Debug|Win32
		{9BFD9834-2028-4D3D-B1CE-2070B50B2CB2}.Debug|x86.Build.0 = Debug|Win32
		{9BFD9834-2028-4D3D-B1CE-2070B50B2CB2}.Release|x64.ActiveCfg = Release|x64
		{9BFD9834-2028-4D3D-B1CE-2070B50B2CB2}.Release|x64.Build.0 = Release|x64
		{9BFD9834-2028-4D3D-B1CE-2070B50B2CB2}.Release|x86.ActiveCfg = Release|Win32
		{9BFD9834-2028-4D3D-B1CE-2070B50B2CB2}.Release|x86.Build.0 = Release|Win32
		{B69EB506-F663-48E0-B90D-334A5842340B}.Debug|x64.ActiveCfg = Debug|x64
		{B69EB506-F663-48E0-B90D-334A5842340B}.Debug|x64.Build.0 = Debug|x64
		{B69EB506-F663-48E0-B90D-334A5842340B}.Debug|x86.ActiveCfg = Debug|Win32
		{B69EB506-F663-48E0-B90D-334A5842340B}.Debug|x86.Build.0 = Debug|Win32
		{B69EB506-F663-48E0-B90D-334A5842340B}.Release|x64.ActiveCfg = Release|x64
		{B69EB506-F663-48E0-B90D-334A5842340B}.Release|x64.Build.0 = Release|x64
		{B69EB506-F663-48E0-B90D-334A5842340B}.Release|x86.ActiveCfg = Release|Win32
		{B69EB506-F663-48E0-B90D-334A5842340B}.Release|x86.Build.0 = Release|Win32
		{49AA504F-B262-4C66-853F-63FA0A4CDFF4}.Debug|x64.ActiveCfg = Debug|x64
		{49AA504F-B262-4C66-853F-63FA0A4CDFF4}.Debug|x64.Build.0 = Debug|x64
		{49AA504F-B262-4C66-853F-63FA0A4CDFF4}.Debug|x86.ActiveCfg = Debug|Win32
		{49AA504F-B262-4C66-853F-63FA0A4CDFF4}.Debug|x86.Build.0 = Debug|Win32
		{49AA504F-B262-4C66-853F-63FA0A4CDFF4}.Release|x64.ActiveCfg = Release|x64
		{49AA504F-B262-4C66-853F-63FA0A4CDFF4}.Release|x64.Build.0 = Release|x64
		{49AA504F-B262-4C66-853F-63FA0A4CDFF4}.Release|x86.ActiveCfg = Release|Win32
		{49AA504F-B262-4C66-853F-63FA0A4CDFF4}.Release|x86.Build.0 = Release|Win32
		{9104A8A1-9B45-4643-AAC8-2938051CDD77}.Debug|x64.ActiveCfg = Debug|x64
		{9104A8A1-9B45-4643-AAC8-2938051CDD77}.Debug|x64.Build.0 = Debug|x64
		{9104A8A1-9B45-4643-AAC8-2938051CDD77}.Debug|x86.ActiveCfg = Debug|Win32
		{9104A8A1-9B45-4643-AAC8-2938051CDD77}.Debug|x86.Build.0 = Debug|Win32
		{9104A8A1-9B45-4643-AAC8-2938051CDD77}.Release|x64.ActiveCfg = Release|x64
		{9104A8A1-9B45-4643-AAC8-2938051CDD77}.Release|x64.Build.0 = Release|x64
		{9104A8A1-9B45-4643-AAC8-2938051CDD77}.Release|x86.ActiveCfg = Release|Win32
		{9104A8A1-9B45-4643-AAC8-2938051CDD77}.Release|x86.Build.0 = Release|Win32
		{0EFD895E-ACF1-49CF-8308-CA7B1D834309}.Debug|x64.ActiveCfg = Debug|x64
		{0EFD895E-ACF1-49CF-8308-CA7B1D834309}.Debug|x64.Build.0 = Debug|x64
		{0EFD895E-ACF1-49CF-8308-CA7B1D834309}.Debug|x86.ActiveCfg = Debug|Win32
		{0EFD895E-ACF1-49CF-8308-CA7B1D834309}.Debug|x86.Build.0 = Debug|Win32
		{0EFD895E-ACF1-49CF-8308-CA7B1D834309}.Release|x64.ActiveCfg = Release|x64
		{0EFD895E-ACF1-49CF-8308-CA7B1D834309}.Release|x64.Build.0 = Release|x64
		{0EFD895E-ACF1-49CF-8308-CA7B1D834309}.Release|x86.ActiveCfg = Release|Win32
		{0EFD895E-ACF1-49CF-8308-CA7B1D834309}.Release|x86.Build.0 = Release|Win32
		{2E2A4DF0-FEDA-4C81-ABBA-F8786DD6A2EE}.Debug|x64.ActiveCfg = Debug|x64
		{2E2A4DF0-FEDA-4C81-ABBA-F8786DD6A2EE}.Debug|x64.Build.0 = Debug|x64
		{2E2A4DF0-FEDA-4C81-ABBA-F8786DD6A2EE}.Debug|x86.ActiveCfg = Debug|Win32
		{2E2A4DF0-FEDA-4C81-ABBA-F8786DD6A2EE}.Debug|x86.Build.0 = Debug|Win32
		{2E2A4DF0-FEDA-4C81-ABBA-F8786DD6A2EE}.Release|x64.ActiveCfg = Release|x64
		{2E2A4DF0-FEDA-4C81-ABBA-F8786DD6A2EE}.Release|x64.Build.0 = Release|x64
		{2E2A4DF0-FEDA-4C81-ABBA-F8786DD6A2EE}.Release|x86.ActiveCfg = Release|Win32
		{2E2A4DF0-FEDA-4C81-ABBA-F8786DD6A2EE}.Release|x86.Build.0 = Release|Win32
		{06AE574F-2AD4-4773-846A-6692B13672A0}.Debug|x64.ActiveCfg = Debug|x64
		{06AE574F-2AD4-4773-846A-6692B13672A0}.Debug|x64.Build.0 = Debug|x64
		{06AE574F-2AD4-4773-846A-6692B13672A0}.Debug|x86.ActiveCfg = Debug|Win32
		{06AE574F-2AD4-4773-846A-6692B13672A0}.Debug|x86.Build.0 = Debug|Win32
		{06AE574F-2AD4-4773-846A-6692B13672A0}.Release|x64.ActiveCfg = Release|x64
		{06AE574F-2AD4-4773-846A-6692B13672A0}.Release|x64.Build.0 = Release|x64
		{06AE574F-2AD4-4773-846A-6692B13672A0}.Release|x86.ActiveCfg = Release|Win32
		{06AE574F-2AD4-4773-846A-6692B13672A0}.Release|x86.Build.0 = Release|Win32
		{DA1CA20D-9BA8-4FBB-862B-5E429E11E490}.Debug|x64.ActiveCfg = Debug|x64
		{DA1CA20D-9BA8-4FBB-862B-5E429E11E490}.Debug|x64.Build.0 = Debug|x64
		{DA1CA20D-9BA8-4FBB-862B-5E429E11E490}.Debug|x86.ActiveCfg = Debug|Win32
		{DA1CA20D-9BA8-4FBB-862B-5E429E11E490}.Debug|x86.Build.0 = Debug|Win32
		{DA1CA20D-9BA8-4FBB-862B-5E429E11E490}.Release|x64.ActiveCfg = Release|x64
		{DA1CA20D-9BA8-4FBB-862B-5E429E11E490}.Release|x64.Build.0 = Release|x64
		{DA1CA20D-9BA8-4FBB-862B-5E429E11E490}.Release|x86.ActiveCfg = Release|Win32
		{DA1CA20D-9BA8-4FBB-862B-5E429E11E490}.Release|x86.Build.0 = Release|Win32
		{C12AA235-3804-475A-9EA8-653A5395CD79}.Debug|x64.ActiveCfg = Debug|x64
		{C12AA235-3804-475A-9EA8-653A5395CD79}.Debug|x64.Build.0 = Debug|x64
		{C12AA235-3804-475A-9EA8-653A5395CD79}.Debug|x86.ActiveCfg = Debug|Win32
		{C12AA235-3804-475A-9EA8-653A5395CD79}.Debug|x86.Build.0 = Debug|Win32
		{C12AA235-3804-475A-9EA8-653A5395CD79}.Release|x64.ActiveCfg = Release|x64
		{C12AA235-3804-475A-9EA8-653A5395CD79}.Release|x64.Build.0 = Release|x64
		{C12AA235-3804-475A-9EA8-653A5395CD79}.Release|x86.ActiveCfg = Release|Win32
		{C12AA235-3804-475A-9EA8-653A5395CD79}.Release|x86.Build.0 = Release|Win32
		{2C81056E-42C0-4651-B8C9-D9351A1BA44E}.Debug|x64.ActiveCfg = Debug|x64
		{2C81056E-42C0-4651-B8C9-D9351A1BA44E}.Debug|x64.Build.0 = Debug|x64
		{2C81056E-42C0-4651-B8C9-D9351A1BA44E}.Debug|x86.ActiveCfg = Debug|Win32
		{2C81056E-42C0-4651-B8C9-D9351A1BA44E}.Debug|x86.Build.0 = Debug|Win32
		{2C81056E-42C0-4651-B8C9-D9351A1BA44E}.Release|x64.ActiveCfg = Release|x64
		{2C81056E-42C0-4651-B8C9-D9351A1BA44E}.Release|x64.Build.0 = Release|x64
		{2C81056E-42C0-4651-B8C9-D9351A1BA44E}.Release|x86.ActiveCfg = Release|Win32
		{2C81056E-42C0-4651-B8C9-D9351A1BA44E}.Release|x86.Build.0 = Release|Win32
		{846C2665-9D49-4C1C-9BAA-1694A806E54B}.Debug|x64.ActiveCfg = Debug|x64
		{846C2665-9D49-4C1C-9BAA-1694A806E54B}.Debug|x64.Build.0 = Debug|x64
		{846C2665-9D49-4C1C-9BAA-1694A806E54B}.Debug|x86.ActiveCfg = Debug|Win32
		{846C2665-9D49-4C1C-9BAA-1694A806E54B}.Debug|x86.Build.0 = Debug|Win32
		{846C2665-9D49-4C1C-9BAA-1694A806E54B}.Release|x64.ActiveCfg = Release|x64
		{846C2665-9D49-4C1C-9BAA-1694A806E54B}.Release|x64.Build.0 = Release|x64
		{846C2665-9D49-4C1C-9BAA-1694A806E54B}.Release|x86.ActiveCfg = Release|Win32
		{846C2665-9D49-4C1C-9BAA-1694A806E54B}.Release|x86.Build.0 = Release|Win32
		{0DF715C2-9E09-4BA0-BE29-F473595F5ADC}.Debug|x64.ActiveCfg = Debug|x64
		{0DF715C2-9E09-4BA0-BE29-F473595F5ADC}.Debug|x64.Build.0 = Debug|x64
		{0DF715C2-9E09-4BA0-BE29-F473595F5ADC}.Debug|x86.ActiveCfg = Debug|Win32
		{0DF715C2-9E09-4BA0-BE29-F473595F5ADC}.Debug|x86.Build.0 = Debug|Win32
		{0DF715C2-9E09-4BA0-BE29-F473595F5ADC}.Release|x64.ActiveCfg = Release|x64
		{0DF715C2-9E09-4BA0-BE29-F473595F5ADC}.Release|x64.Build.0 = Release|x64
		{0DF715C2-9E09-4BA0-BE29-F473595F5ADC}.Release|x86.ActiveCfg = Release|Win32
		{0DF715C2-9E09-4BA0-BE29-F473595F5ADC}.Release|x86.Build.0 = Release|Win32
		{7F3311E8-4201-4EE2-8ADF-A8B8CFCAB80C}.Debug|x64.ActiveCfg = Debug|x64
		{7F3311E8-4201-4EE2-8ADF-A8B8CFCAB80C}.Debug|x64.Build.0 = Debug|x64
		{7F3311E8-4201-4EE2-8ADF-A8B8CFCAB80C}.Debug|x86.ActiveCfg = Debug|Win32
		{7F3311E8-4201-4EE2-8ADF-A8B8CFCAB80C}.Debug|x86.Build.0 = Debug|Win32
		{7F3311E8-4201-4EE2-8ADF-A8B8CFCAB80C}.Release|x64.ActiveCfg = Release|x64
		{7F3311E8-4201-4EE2-8ADF-A8B8CFCAB80C}.Release|x64.Build.0 = Release|x64
		{7F3311E8-4201-4EE2-8ADF-A8B8CFCAB80C}.Release|x86.ActiveCfg = Release|Win32
		{7F3311E8-4201-4EE2-8ADF-A8B8CFCAB80C}.Release|x86.Build.0 = Release|Win32
	EndGlobalSection
	GlobalSection(SolutionProperties) = preSolution
		HideSolutionNode = FALSE
	EndGlobalSection
	GlobalSection(ExtensibilityGlobals) = postSolution
		SolutionGuid = {5C8E1EDB-88C0-4330-A326-2F2ADBA19A33}
	EndGlobalSection
EndGlobal
